
Microsoft Visual Studio Solution File, Format Version 12.00
# Visual Studio Version 16
VisualStudioVersion = 16.0.30804.86
MinimumVisualStudioVersion = 10.0.40219.1
Project("{FAE04EC0-301F-11D3-BF4B-00C04F79EFBC}") = "Lesson2.2", "Lesson2.2.csproj", "{364531DE-0940-4097-9079-F2C08F2E99F2}"
EndProject
Global
	GlobalSection(SolutionConfigurationPlatforms) = preSolution
		Debug|Any CPU = Debug|Any CPU
		Release|Any CPU = Release|Any CPU
	EndGlobalSection
	GlobalSection(ProjectConfigurationPlatforms) = postSolution
		{364531DE-0940-4097-9079-F2C08F2E99F2}.Debug|Any CPU.ActiveCfg = Debug|Any CPU
		{364531DE-0940-4097-9079-F2C08F2E99F2}.Debug|Any CPU.Build.0 = Debug|Any CPU
		{364531DE-0940-4097-9079-F2C08F2E99F2}.Release|Any CPU.ActiveCfg = Release|Any CPU
		{364531DE-0940-4097-9079-F2C08F2E99F2}.Release|Any CPU.Build.0 = Release|Any CPU
	EndGlobalSection
	GlobalSection(SolutionProperties) = preSolution
		HideSolutionNode = FALSE
	EndGlobalSection
	GlobalSection(ExtensibilityGlobals) = postSolution
		SolutionGuid = {A666AC28-9AB7-490E-AA02-AEE8DE43C5E8}
	EndGlobalSection
EndGlobal
